{
  "version": "3",
  "packages": {
    "specifiers": {
      "npm:dayjs": "npm:dayjs@1.11.10"
    },
    "npm": {
      "dayjs@1.11.10": {
        "integrity": "sha512-vjAczensTgRcqDERK0SR2XMwsF/tSvnvlv6VcF2GIhg6Sx4yOIt/irsr1RDJsKiIyBzJDpCoXiWWq28MqH2cnQ==",
        "dependencies": {}
      }
    }
  },
  "remote": {
    "https://deno.land/std@0.192.0/fmt/colors.ts": "d67e3cd9f472535241a8e410d33423980bec45047e343577554d3356e1f0ef4e",
    "https://deno.land/x/htm@0.2.1/html.tsx": "afcf0500d9199e8efe6877d9e7bf4f7907d0bba09906b6036cfe5e90458083b3",
    "https://deno.land/x/htm@0.2.1/jsx.ts": "2dfbc2b208981b9348aee02494ba064eac72f686d2e5ecc19d7f3fcdb9734e3d",
    "https://deno.land/x/htm@0.2.1/mod.ts": "d930056a7c8c645bea5f9c116d65bc309d12cfebafa8db98f7c406e1984caaec"
  }
}
